dependencies:
- name: klipper
  repository: ""
  version: 0.1.0
- name: mainsail
  repository: ""
  version: 0.1.0
- name: fluidd
  repository: ""
  version: 0.1.0
- name: ustreamer
  repository: ""
  version: 0.1.0
- name: cura
  repository: ""
  version: 0.1.0
- name: orcaslicer
  repository: ""
  version: 0.1.0
- name: go2rtc
  repository: ""
  version: 0.1.0
digest: sha256:2f9531041886c9c91a2da8d98675c5176b9ee00357354b4290cbded46059efc4
generated: "2024-06-23T12:05:09.72207097+02:00"
